# This file is automatically @generated by Cargo.
# It is not intended for manual editing.
version = 4

[[package]]
name = "proc-macro2"
version = "1.0.107"
source = "registry+https://github.com/rust-lang/crates.io-index"
checksum = "985e7ec9bb745e6ce6535b544d84d6cd6f7ad8bd711c398938ae983b91a766d9"
dependencies = [
 "unicode-ident",
]

[[package]]
name = "quote"
version = "1.0.47"
source = "registry+https://github.com/rust-lang/crates.io-index"
checksum = "1fbf4db142a473a8d80c26bbf18454ed458bf8d26c8219c331daecfdbd079001"
dependencies = [
 "proc-macro2",
]

[[package]]
name = "rd_pipe_bindgen"
version = "0.0.0"
dependencies = [
 "windows-bindgen",
]

[[package]]
name = "unicode-ident"
version = "1.0.24"
source = "registry+https://github.com/rust-lang/crates.io-index"
checksum = "e6e4313cd5fcd3dad5cafa179702e2b244f760991f45397d14d4ebf38247da75"

[[package]]
name = "windows-bindgen"
version = "0.100.0"
source = "registry+https://github.com/rust-lang/crates.io-index"
checksum = "c6bb7c22ca81c6dc1554fd328c12697b4b0ad5c45081df2c3c9a3f89cc467da2"
dependencies = [
 "proc-macro2",
 "quote",
 "windows-default",
 "windows-metadata",
]

[[package]]
name = "windows-default"
version = "0.100.0"
source = "git+https://github.com/microsoft/windows-rs?rev=cad85f9e122b8236f3619ab67b88a1e7242dcb7d#cad85f9e122b8236f3619ab67b88a1e7242dcb7d"

[[package]]
name = "windows-metadata"
version = "0.100.0"
source = "registry+https://github.com/rust-lang/crates.io-index"
checksum = "1d3a758dc1da4ae61aa7f93afbb505d564c72dd6431e513ed581377857896a72"
